// !$*UTF8*$!
{
	archiveVersion = 1;
	classes = {
	};
	objectVersion = 50;
	objects = {

/* Begin PBXBuildFile section */
		5F1FB305209B881F0026AD3C /* AppDelegate.swift in Sources */ = {isa = PBXBuildFile; fileRef = 5F1FB304209B881F0026AD3C /* AppDelegate.swift */; };
		5F1FB307209B881F0026AD3C /* HomeViewController.swift in Sources */ = {isa = PBXBuildFile; fileRef = 5F1FB306209B881F0026AD3C /* HomeViewController.swift */; };
		5F1FB30A209B881F0026AD3C /* Main.storyboard in Resources */ = {isa = PBXBuildFile; fileRef = 5F1FB308209B881F0026AD3C /* Main.storyboard */; };
		5F1FB30C209B882E0026AD3C /* Assets.xcassets in Resources */ = {isa = PBXBuildFile; fileRef = 5F1FB30B209B882E0026AD3C /* Assets.xcassets */; };
		5F1FB30F209B882E0026AD3C /* LaunchScreen.storyboard in Resources */ = {isa = PBXBuildFile; fileRef = 5F1FB30D209B882E0026AD3C /* LaunchScreen.storyboard */; };
		5F1FB317209C12120026AD3C /* LoginViewController.swift in Sources */ = {isa = PBXBuildFile; fileRef = 5F1FB316209C12110026AD3C /* LoginViewController.swift */; };
		5F1FB319209C15820026AD3C /* FamilyViewController.swift in Sources */ = {isa = PBXBuildFile; fileRef = 5F1FB318209C15820026AD3C /* FamilyViewController.swift */; };
		5F1FB31E209C30CA0026AD3C /* Family.swift in Sources */ = {isa = PBXBuildFile; fileRef = 5F1FB31C209C30CA0026AD3C /* Family.swift */; };
		5F1FB321209C32110026AD3C /* AWSClient.swift in Sources */ = {isa = PBXBuildFile; fileRef = 5F1FB320209C32110026AD3C /* AWSClient.swift */; };
		5F1FB323209C32CA0026AD3C /* User.swift in Sources */ = {isa = PBXBuildFile; fileRef = 5F1FB322209C32CA0026AD3C /* User.swift */; };
		5F1FB325209C34DC0026AD3C /* Cart.swift in Sources */ = {isa = PBXBuildFile; fileRef = 5F1FB324209C34DC0026AD3C /* Cart.swift */; };
		5F1FB33A209CCE5D0026AD3C /* RegisterViewController.swift in Sources */ = {isa = PBXBuildFile; fileRef = 5F1FB339209CCE5D0026AD3C /* RegisterViewController.swift */; };
		5F1FB353209D1E070026AD3C /* IQNSArray+Sort.swift in Sources */ = {isa = PBXBuildFile; fileRef = 5F1FB33D209D1E060026AD3C /* IQNSArray+Sort.swift */; };
		5F1FB354209D1E070026AD3C /* IQUIScrollView+Additions.swift in Sources */ = {isa = PBXBuildFile; fileRef = 5F1FB33E209D1E060026AD3C /* IQUIScrollView+Additions.swift */; };
		5F1FB355209D1E070026AD3C /* IQUITextFieldView+Additions.swift in Sources */ = {isa = PBXBuildFile; fileRef = 5F1FB33F209D1E060026AD3C /* IQUITextFieldView+Additions.swift */; };
		5F1FB356209D1E070026AD3C /* IQUIView+Hierarchy.swift in Sources */ = {isa = PBXBuildFile; fileRef = 5F1FB340209D1E060026AD3C /* IQUIView+Hierarchy.swift */; };
		5F1FB357209D1E070026AD3C /* IQUIViewController+Additions.swift in Sources */ = {isa = PBXBuildFile; fileRef = 5F1FB341209D1E060026AD3C /* IQUIViewController+Additions.swift */; };
		5F1FB358209D1E070026AD3C /* IQKeyboardManagerConstants.swift in Sources */ = {isa = PBXBuildFile; fileRef = 5F1FB343209D1E060026AD3C /* IQKeyboardManagerConstants.swift */; };
		5F1FB359209D1E070026AD3C /* IQKeyboardManagerConstantsInternal.swift in Sources */ = {isa = PBXBuildFile; fileRef = 5F1FB344209D1E060026AD3C /* IQKeyboardManagerConstantsInternal.swift */; };
		5F1FB35A209D1E070026AD3C /* IQKeyboardManager.swift in Sources */ = {isa = PBXBuildFile; fileRef = 5F1FB345209D1E060026AD3C /* IQKeyboardManager.swift */; };
		5F1FB35B209D1E070026AD3C /* IQKeyboardReturnKeyHandler.swift in Sources */ = {isa = PBXBuildFile; fileRef = 5F1FB347209D1E060026AD3C /* IQKeyboardReturnKeyHandler.swift */; };
		5F1FB35C209D1E070026AD3C /* IQTextView.swift in Sources */ = {isa = PBXBuildFile; fileRef = 5F1FB349209D1E060026AD3C /* IQTextView.swift */; };
		5F1FB35D209D1E070026AD3C /* IQBarButtonItem.swift in Sources */ = {isa = PBXBuildFile; fileRef = 5F1FB34B209D1E060026AD3C /* IQBarButtonItem.swift */; };
		5F1FB35E209D1E070026AD3C /* IQInvocation.swift in Sources */ = {isa = PBXBuildFile; fileRef = 5F1FB34C209D1E060026AD3C /* IQInvocation.swift */; };
		5F1FB35F209D1E070026AD3C /* IQPreviousNextView.swift in Sources */ = {isa = PBXBuildFile; fileRef = 5F1FB34D209D1E060026AD3C /* IQPreviousNextView.swift */; };
		5F1FB360209D1E070026AD3C /* IQTitleBarButtonItem.swift in Sources */ = {isa = PBXBuildFile; fileRef = 5F1FB34E209D1E060026AD3C /* IQTitleBarButtonItem.swift */; };
		5F1FB361209D1E070026AD3C /* IQToolbar.swift in Sources */ = {isa = PBXBuildFile; fileRef = 5F1FB34F209D1E060026AD3C /* IQToolbar.swift */; };
		5F1FB362209D1E070026AD3C /* IQUIView+IQKeyboardToolbar.swift in Sources */ = {isa = PBXBuildFile; fileRef = 5F1FB350209D1E060026AD3C /* IQUIView+IQKeyboardToolbar.swift */; };
		5F1FB363209D1E070026AD3C /* IQKeyboardManager.bundle in Resources */ = {isa = PBXBuildFile; fileRef = 5F1FB352209D1E060026AD3C /* IQKeyboardManager.bundle */; };
		5F1FB365209E24090026AD3C /* NewFamilyViewController.swift in Sources */ = {isa = PBXBuildFile; fileRef = 5F1FB364209E24090026AD3C /* NewFamilyViewController.swift */; };
		5F1FB367209E93BB0026AD3C /* CartViewController.swift in Sources */ = {isa = PBXBuildFile; fileRef = 5F1FB366209E93BB0026AD3C /* CartViewController.swift */; };
		5F1FB369209EAEB10026AD3C /* ItemViewController.swift in Sources */ = {isa = PBXBuildFile; fileRef = 5F1FB368209EAEB10026AD3C /* ItemViewController.swift */; };
		5F1FB36B209F67770026AD3C /* NewItemViewController.swift in Sources */ = {isa = PBXBuildFile; fileRef = 5F1FB36A209F67770026AD3C /* NewItemViewController.swift */; };
/* End PBXBuildFile section */

/* Begin PBXFileReference section */
		5F1FB301209B881F0026AD3C /* CartShare.app */ = {isa = PBXFileReference; explicitFileType = wrapper.application; includeInIndex = 0; path = CartShare.app; sourceTree = BUILT_PRODUCTS_DIR; };
		5F1FB304209B881F0026AD3C /* AppDelegate.swift */ = {isa = PBXFileReference; lastKnownFileType = sourcecode.swift; path = AppDelegate.swift; sourceTree = "<group>"; };
		5F1FB306209B881F0026AD3C /* HomeViewController.swift */ = {isa = PBXFileReference; lastKnownFileType = sourcecode.swift; path = HomeViewController.swift; sourceTree = "<group>"; };
		5F1FB309209B881F0026AD3C /* Base */ = {isa = PBXFileReference; lastKnownFileType = file.storyboard; name = Base; path = Base.lproj/Main.storyboard; sourceTree = "<group>"; };
		5F1FB30B209B882E0026AD3C /* Assets.xcassets */ = {isa = PBXFileReference; lastKnownFileType = folder.assetcatalog; path = Assets.xcassets; sourceTree = "<group>"; };
		5F1FB30E209B882E0026AD3C /* Base */ = {isa = PBXFileReference; lastKnownFileType = file.storyboard; name = Base; path = Base.lproj/LaunchScreen.storyboard; sourceTree = "<group>"; };
		5F1FB310209B882E0026AD3C /* Info.plist */ = {isa = PBXFileReference; lastKnownFileType = text.plist.xml; path = Info.plist; sourceTree = "<group>"; };
		5F1FB316209C12110026AD3C /* LoginViewController.swift */ = {isa = PBXFileReference; lastKnownFileType = sourcecode.swift; path = LoginViewController.swift; sourceTree = "<group>"; };
		5F1FB318209C15820026AD3C /* FamilyViewController.swift */ = {isa = PBXFileReference; lastKnownFileType = sourcecode.swift; path = FamilyViewController.swift; sourceTree = "<group>"; };
		5F1FB31C209C30CA0026AD3C /* Family.swift */ = {isa = PBXFileReference; fileEncoding = 4; lastKnownFileType = sourcecode.swift; path = Family.swift; sourceTree = "<group>"; };
		5F1FB320209C32110026AD3C /* AWSClient.swift */ = {isa = PBXFileReference; lastKnownFileType = sourcecode.swift; path = AWSClient.swift; sourceTree = "<group>"; };
		5F1FB322209C32CA0026AD3C /* User.swift */ = {isa = PBXFileReference; lastKnownFileType = sourcecode.swift; path = User.swift; sourceTree = "<group>"; };
		5F1FB324209C34DC0026AD3C /* Cart.swift */ = {isa = PBXFileReference; lastKnownFileType = sourcecode.swift; path = Cart.swift; sourceTree = "<group>"; };
		5F1FB339209CCE5D0026AD3C /* RegisterViewController.swift */ = {isa = PBXFileReference; lastKnownFileType = sourcecode.swift; path = RegisterViewController.swift; sourceTree = "<group>"; };
		5F1FB33D209D1E060026AD3C /* IQNSArray+Sort.swift */ = {isa = PBXFileReference; fileEncoding = 4; lastKnownFileType = sourcecode.swift; path = "IQNSArray+Sort.swift"; sourceTree = "<group>"; };
		5F1FB33E209D1E060026AD3C /* IQUIScrollView+Additions.swift */ = {isa = PBXFileReference; fileEncoding = 4; lastKnownFileType = sourcecode.swift; path = "IQUIScrollView+Additions.swift"; sourceTree = "<group>"; };
		5F1FB33F209D1E060026AD3C /* IQUITextFieldView+Additions.swift */ = {isa = PBXFileReference; fileEncoding = 4; lastKnownFileType = sourcecode.swift; path = "IQUITextFieldView+Additions.swift"; sourceTree = "<group>"; };
		5F1FB340209D1E060026AD3C /* IQUIView+Hierarchy.swift */ = {isa = PBXFileReference; fileEncoding = 4; lastKnownFileType = sourcecode.swift; path = "IQUIView+Hierarchy.swift"; sourceTree = "<group>"; };
		5F1FB341209D1E060026AD3C /* IQUIViewController+Additions.swift */ = {isa = PBXFileReference; fileEncoding = 4; lastKnownFileType = sourcecode.swift; path = "IQUIViewController+Additions.swift"; sourceTree = "<group>"; };
		5F1FB343209D1E060026AD3C /* IQKeyboardManagerConstants.swift */ = {isa = PBXFileReference; fileEncoding = 4; lastKnownFileType = sourcecode.swift; path = IQKeyboardManagerConstants.swift; sourceTree = "<group>"; };
		5F1FB344209D1E060026AD3C /* IQKeyboardManagerConstantsInternal.swift */ = {isa = PBXFileReference; fileEncoding = 4; lastKnownFileType = sourcecode.swift; path = IQKeyboardManagerConstantsInternal.swift; sourceTree = "<group>"; };
		5F1FB345209D1E060026AD3C /* IQKeyboardManager.swift */ = {isa = PBXFileReference; fileEncoding = 4; lastKnownFileType = sourcecode.swift; path = IQKeyboardManager.swift; sourceTree = "<group>"; };
		5F1FB346209D1E060026AD3C /* IQKeyboardManagerSwift.h */ = {isa = PBXFileReference; fileEncoding = 4; lastKnownFileType = sourcecode.c.h; path = IQKeyboardManagerSwift.h; sourceTree = "<group>"; };
		5F1FB347209D1E060026AD3C /* IQKeyboardReturnKeyHandler.swift */ = {isa = PBXFileReference; fileEncoding = 4; lastKnownFileType = sourcecode.swift; path = IQKeyboardReturnKeyHandler.swift; sourceTree = "<group>"; };
		5F1FB349209D1E060026AD3C /* IQTextView.swift */ = {isa = PBXFileReference; fileEncoding = 4; lastKnownFileType = sourcecode.swift; path = IQTextView.swift; sourceTree = "<group>"; };
		5F1FB34B209D1E060026AD3C /* IQBarButtonItem.swift */ = {isa = PBXFileReference; fileEncoding = 4; lastKnownFileType = sourcecode.swift; path = IQBarButtonItem.swift; sourceTree = "<group>"; };
		5F1FB34C209D1E060026AD3C /* IQInvocation.swift */ = {isa = PBXFileReference; fileEncoding = 4; lastKnownFileType = sourcecode.swift; path = IQInvocation.swift; sourceTree = "<group>"; };
		5F1FB34D209D1E060026AD3C /* IQPreviousNextView.swift */ = {isa = PBXFileReference; fileEncoding = 4; lastKnownFileType = sourcecode.swift; path = IQPreviousNextView.swift; sourceTree = "<group>"; };
		5F1FB34E209D1E060026AD3C /* IQTitleBarButtonItem.swift */ = {isa = PBXFileReference; fileEncoding = 4; lastKnownFileType = sourcecode.swift; path = IQTitleBarButtonItem.swift; sourceTree = "<group>"; };
		5F1FB34F209D1E060026AD3C /* IQToolbar.swift */ = {isa = PBXFileReference; fileEncoding = 4; lastKnownFileType = sourcecode.swift; path = IQToolbar.swift; sourceTree = "<group>"; };
		5F1FB350209D1E060026AD3C /* IQUIView+IQKeyboardToolbar.swift */ = {isa = PBXFileReference; fileEncoding = 4; lastKnownFileType = sourcecode.swift; path = "IQUIView+IQKeyboardToolbar.swift"; sourceTree = "<group>"; };
		5F1FB352209D1E060026AD3C /* IQKeyboardManager.bundle */ = {isa = PBXFileReference; lastKnownFileType = "wrapper.plug-in"; path = IQKeyboardManager.bundle; sourceTree = "<group>"; };
		5F1FB364209E24090026AD3C /* NewFamilyViewController.swift */ = {isa = PBXFileReference; lastKnownFileType = sourcecode.swift; path = NewFamilyViewController.swift; sourceTree = "<group>"; };
		5F1FB366209E93BB0026AD3C /* CartViewController.swift */ = {isa = PBXFileReference; lastKnownFileType = sourcecode.swift; path = CartViewController.swift; sourceTree = "<group>"; };
		5F1FB368209EAEB10026AD3C /* ItemViewController.swift */ = {isa = PBXFileReference; lastKnownFileType = sourcecode.swift; path = ItemViewController.swift; sourceTree = "<group>"; };
		5F1FB36A209F67770026AD3C /* NewItemViewController.swift */ = {isa = PBXFileReference; lastKnownFileType = sourcecode.swift; path = NewItemViewController.swift; sourceTree = "<group>"; };
/* End PBXFileReference section */

/* Begin PBXFrameworksBuildPhase section */
		5F1FB2FE209B881F0026AD3C /* Frameworks */ = {
			isa = PBXFrameworksBuildPhase;
			buildActionMask = 2147483647;
			files = (
			);
			runOnlyForDeploymentPostprocessing = 0;
		};
/* End PBXFrameworksBuildPhase section */

/* Begin PBXGroup section */
		5F1FB2F8209B881E0026AD3C = {
			isa = PBXGroup;
			children = (
				5F1FB303209B881F0026AD3C /* CartShare */,
				5F1FB302209B881F0026AD3C /* Products */,
			);
			sourceTree = "<group>";
		};
		5F1FB302209B881F0026AD3C /* Products */ = {
			isa = PBXGroup;
			children = (
				5F1FB301209B881F0026AD3C /* CartShare.app */,
			);
			name = Products;
			sourceTree = "<group>";
		};
		5F1FB303209B881F0026AD3C /* CartShare */ = {
			isa = PBXGroup;
			children = (
				5F1FB33B209D1E060026AD3C /* IQKeyboardManagerSwift */,
				5F1FB31F209C31DD0026AD3C /* DataStore */,
				5F1FB31A209C30AE0026AD3C /* Model */,
				5F1FB304209B881F0026AD3C /* AppDelegate.swift */,
				5F1FB306209B881F0026AD3C /* HomeViewController.swift */,
				5F1FB308209B881F0026AD3C /* Main.storyboard */,
				5F1FB30B209B882E0026AD3C /* Assets.xcassets */,
				5F1FB30D209B882E0026AD3C /* LaunchScreen.storyboard */,
				5F1FB310209B882E0026AD3C /* Info.plist */,
				5F1FB316209C12110026AD3C /* LoginViewController.swift */,
				5F1FB318209C15820026AD3C /* FamilyViewController.swift */,
				5F1FB339209CCE5D0026AD3C /* RegisterViewController.swift */,
				5F1FB364209E24090026AD3C /* NewFamilyViewController.swift */,
				5F1FB366209E93BB0026AD3C /* CartViewController.swift */,
				5F1FB368209EAEB10026AD3C /* ItemViewController.swift */,
				5F1FB36A209F67770026AD3C /* NewItemViewController.swift */,
			);
			path = CartShare;
			sourceTree = "<group>";
		};
		5F1FB31A209C30AE0026AD3C /* Model */ = {
			isa = PBXGroup;
			children = (
				5F1FB31C209C30CA0026AD3C /* Family.swift */,
				5F1FB322209C32CA0026AD3C /* User.swift */,
				5F1FB324209C34DC0026AD3C /* Cart.swift */,
			);
			path = Model;
			sourceTree = "<group>";
		};
		5F1FB31F209C31DD0026AD3C /* DataStore */ = {
			isa = PBXGroup;
			children = (
				5F1FB320209C32110026AD3C /* AWSClient.swift */,
			);
			path = DataStore;
			sourceTree = "<group>";
		};
		5F1FB33B209D1E060026AD3C /* IQKeyboardManagerSwift */ = {
			isa = PBXGroup;
			children = (
				5F1FB33C209D1E060026AD3C /* Categories */,
				5F1FB342209D1E060026AD3C /* Constants */,
				5F1FB345209D1E060026AD3C /* IQKeyboardManager.swift */,
				5F1FB346209D1E060026AD3C /* IQKeyboardManagerSwift.h */,
				5F1FB347209D1E060026AD3C /* IQKeyboardReturnKeyHandler.swift */,
				5F1FB348209D1E060026AD3C /* IQTextView */,
				5F1FB34A209D1E060026AD3C /* IQToolbar */,
				5F1FB351209D1E060026AD3C /* Resources */,
			);
			path = IQKeyboardManagerSwift;
			sourceTree = "<group>";
		};
		5F1FB33C209D1E060026AD3C /* Categories */ = {
			isa = PBXGroup;
			children = (
				5F1FB33D209D1E060026AD3C /* IQNSArray+Sort.swift */,
				5F1FB33E209D1E060026AD3C /* IQUIScrollView+Additions.swift */,
				5F1FB33F209D1E060026AD3C /* IQUITextFieldView+Additions.swift */,
				5F1FB340209D1E060026AD3C /* IQUIView+Hierarchy.swift */,
				5F1FB341209D1E060026AD3C /* IQUIViewController+Additions.swift */,
			);
			path = Categories;
			sourceTree = "<group>";
		};
		5F1FB342209D1E060026AD3C /* Constants */ = {
			isa = PBXGroup;
			children = (
				5F1FB343209D1E060026AD3C /* IQKeyboardManagerConstants.swift */,
				5F1FB344209D1E060026AD3C /* IQKeyboardManagerConstantsInternal.swift */,
			);
			path = Constants;
			sourceTree = "<group>";
		};
		5F1FB348209D1E060026AD3C /* IQTextView */ = {
			isa = PBXGroup;
			children = (
				5F1FB349209D1E060026AD3C /* IQTextView.swift */,
			);
			path = IQTextView;
			sourceTree = "<group>";
		};
		5F1FB34A209D1E060026AD3C /* IQToolbar */ = {
			isa = PBXGroup;
			children = (
				5F1FB34B209D1E060026AD3C /* IQBarButtonItem.swift */,
				5F1FB34C209D1E060026AD3C /* IQInvocation.swift */,
				5F1FB34D209D1E060026AD3C /* IQPreviousNextView.swift */,
				5F1FB34E209D1E060026AD3C /* IQTitleBarButtonItem.swift */,
				5F1FB34F209D1E060026AD3C /* IQToolbar.swift */,
				5F1FB350209D1E060026AD3C /* IQUIView+IQKeyboardToolbar.swift */,
			);
			path = IQToolbar;
			sourceTree = "<group>";
		};
		5F1FB351209D1E060026AD3C /* Resources */ = {
			isa = PBXGroup;
			children = (
				5F1FB352209D1E060026AD3C /* IQKeyboardManager.bundle */,
			);
			path = Resources;
			sourceTree = "<group>";
		};
/* End PBXGroup section */

/* Begin PBXNativeTarget section */
		5F1FB300209B881F0026AD3C /* CartShare */ = {
			isa = PBXNativeTarget;
			buildConfigurationList = 5F1FB313209B882E0026AD3C /* Build configuration list for PBXNativeTarget "CartShare" */;
			buildPhases = (
				5F1FB2FD209B881F0026AD3C /* Sources */,
				5F1FB2FE209B881F0026AD3C /* Frameworks */,
				5F1FB2FF209B881F0026AD3C /* Resources */,
			);
			buildRules = (
			);
			dependencies = (
			);
			name = CartShare;
			productName = CartShare;
			productReference = 5F1FB301209B881F0026AD3C /* CartShare.app */;
			productType = "com.apple.product-type.application";
		};
/* End PBXNativeTarget section */

/* Begin PBXProject section */
		5F1FB2F9209B881E0026AD3C /* Project object */ = {
			isa = PBXProject;
			attributes = {
				LastSwiftUpdateCheck = 0930;
				LastUpgradeCheck = 0930;
				ORGANIZATIONNAME = "sanket bhat";
				TargetAttributes = {
					5F1FB300209B881F0026AD3C = {
						CreatedOnToolsVersion = 9.3;
					};
				};
			};
			buildConfigurationList = 5F1FB2FC209B881E0026AD3C /* Build configuration list for PBXProject "CartShare" */;
			compatibilityVersion = "Xcode 9.3";
			developmentRegion = en;
			hasScannedForEncodings = 0;
			knownRegions = (
				en,
				Base,
			);
			mainGroup = 5F1FB2F8209B881E0026AD3C;
			productRefGroup = 5F1FB302209B881F0026AD3C /* Products */;
			projectDirPath = "";
			projectRoot = "";
			targets = (
				5F1FB300209B881F0026AD3C /* CartShare */,
			);
		};
/* End PBXProject section */

/* Begin PBXResourcesBuildPhase section */
		5F1FB2FF209B881F0026AD3C /* Resources */ = {
			isa = PBXResourcesBuildPhase;
			buildActionMask = 2147483647;
			files = (
				5F1FB30F209B882E0026AD3C /* LaunchScreen.storyboard in Resources */,
				5F1FB30C209B882E0026AD3C /* Assets.xcassets in Resources */,
				5F1FB363209D1E070026AD3C /* IQKeyboardManager.bundle in Resources */,
				5F1FB30A209B881F0026AD3C /* Main.storyboard in Resources */,
			);
			runOnlyForDeploymentPostprocessing = 0;
		};
/* End PBXResourcesBuildPhase section */

/* Begin PBXSourcesBuildPhase section */
		5F1FB2FD209B881F0026AD3C /* Sources */ = {
			isa = PBXSourcesBuildPhase;
			buildActionMask = 2147483647;
			files = (
				5F1FB354209D1E070026AD3C /* IQUIScrollView+Additions.swift in Sources */,
				5F1FB33A209CCE5D0026AD3C /* RegisterViewController.swift in Sources */,
				5F1FB355209D1E070026AD3C /* IQUITextFieldView+Additions.swift in Sources */,
				5F1FB365209E24090026AD3C /* NewFamilyViewController.swift in Sources */,
				5F1FB359209D1E070026AD3C /* IQKeyboardManagerConstantsInternal.swift in Sources */,
				5F1FB321209C32110026AD3C /* AWSClient.swift in Sources */,
				5F1FB317209C12120026AD3C /* LoginViewController.swift in Sources */,
				5F1FB35F209D1E070026AD3C /* IQPreviousNextView.swift in Sources */,
				5F1FB307209B881F0026AD3C /* HomeViewController.swift in Sources */,
				5F1FB319209C15820026AD3C /* FamilyViewController.swift in Sources */,
				5F1FB35B209D1E070026AD3C /* IQKeyboardReturnKeyHandler.swift in Sources */,
				5F1FB360209D1E070026AD3C /* IQTitleBarButtonItem.swift in Sources */,
				5F1FB35E209D1E070026AD3C /* IQInvocation.swift in Sources */,
				5F1FB356209D1E070026AD3C /* IQUIView+Hierarchy.swift in Sources */,
				5F1FB362209D1E070026AD3C /* IQUIView+IQKeyboardToolbar.swift in Sources */,
				5F1FB305209B881F0026AD3C /* AppDelegate.swift in Sources */,
				5F1FB353209D1E070026AD3C /* IQNSArray+Sort.swift in Sources */,
				5F1FB35A209D1E070026AD3C /* IQKeyboardManager.swift in Sources */,
				5F1FB357209D1E070026AD3C /* IQUIViewController+Additions.swift in Sources */,
				5F1FB35D209D1E070026AD3C /* IQBarButtonItem.swift in Sources */,
				5F1FB31E209C30CA0026AD3C /* Family.swift in Sources */,
				5F1FB369209EAEB10026AD3C /* ItemViewController.swift in Sources */,
				5F1FB323209C32CA0026AD3C /* User.swift in Sources */,
				5F1FB36B209F67770026AD3C /* NewItemViewController.swift in Sources */,
				5F1FB358209D1E070026AD3C /* IQKeyboardManagerConstants.swift in Sources */,
				5F1FB35C209D1E070026AD3C /* IQTextView.swift in Sources */,
				5F1FB325209C34DC0026AD3C /* Cart.swift in Sources */,
				5F1FB367209E93BB0026AD3C /* CartViewController.swift in Sources */,
				5F1FB361209D1E070026AD3C /* IQToolbar.swift in Sources */,
			);
			runOnlyForDeploymentPostprocessing = 0;
		};
/* End PBXSourcesBuildPhase section */

/* Begin PBXVariantGroup section */
		5F1FB308209B881F0026AD3C /* Main.storyboard */ = {
			isa = PBXVariantGroup;
			children = (
				5F1FB309209B881F0026AD3C /* Base */,
			);
			name = Main.storyboard;
			sourceTree = "<group>";
		};
		5F1FB30D209B882E0026AD3C /* LaunchScreen.storyboard */ = {
			isa = PBXVariantGroup;
			children = (
				5F1FB30E209B882E0026AD3C /* Base */,
			);
			name = LaunchScreen.storyboard;
			sourceTree = "<group>";
		};
/* End PBXVariantGroup section */

/* Begin XCBuildConfiguration section */
		5F1FB311209B882E0026AD3C /* Debug */ = {
			isa = XCBuildConfiguration;
			buildSettings = {
				ALWAYS_SEARCH_USER_PATHS = NO;
				CLANG_ANALYZER_NONNULL = YES;
				CLANG_ANALYZER_NUMBER_OBJECT_CONVERSION = YES_AGGRESSIVE;
				CLANG_CXX_LANGUAGE_STANDARD = "gnu++14";
				CLANG_CXX_LIBRARY = "libc++";
				CLANG_ENABLE_MODULES = YES;
				CLANG_ENABLE_OBJC_ARC = YES;
				CLANG_ENABLE_OBJC_WEAK = YES;
				CLANG_WARN_BLOCK_CAPTURE_AUTORELEASING = YES;
				CLANG_WARN_BOOL_CONVERSION = YES;
				CLANG_WARN_COMMA = YES;
				CLANG_WARN_CONSTANT_CONVERSION = YES;
				CLANG_WARN_DEPRECATED_OBJC_IMPLEMENTATIONS = YES;
				CLANG_WARN_DIRECT_OBJC_ISA_USAGE = YES_ERROR;
				CLANG_WARN_DOCUMENTATION_COMMENTS = YES;
				CLANG_WARN_EMPTY_BODY = YES;
				CLANG_WARN_ENUM_CONVERSION = YES;
				CLANG_WARN_INFINITE_RECURSION = YES;
				CLANG_WARN_INT_CONVERSION = YES;
				CLANG_WARN_NON_LITERAL_NULL_CONVERSION = YES;
				CLANG_WARN_OBJC_IMPLICIT_RETAIN_SELF = YES;
				CLANG_WARN_OBJC_LITERAL_CONVERSION = YES;
				CLANG_WARN_OBJC_ROOT_CLASS = YES_ERROR;
				CLANG_WARN_RANGE_LOOP_ANALYSIS = YES;
				CLANG_WARN_STRICT_PROTOTYPES = YES;
				CLANG_WARN_SUSPICIOUS_MOVE = YES;
				CLANG_WARN_UNGUARDED_AVAILABILITY = YES_AGGRESSIVE;
				CLANG_WARN_UNREACHABLE_CODE = YES;
				CLANG_WARN__DUPLICATE_METHOD_MATCH = YES;
				CODE_SIGN_IDENTITY = "iPhone Developer";
				COPY_PHASE_STRIP = NO;
				DEBUG_INFORMATION_FORMAT = dwarf;
				ENABLE_STRICT_OBJC_MSGSEND = YES;
				ENABLE_TESTABILITY = YES;
				GCC_C_LANGUAGE_STANDARD = gnu11;
				GCC_DYNAMIC_NO_PIC = NO;
				GCC_NO_COMMON_BLOCKS = YES;
				GCC_OPTIMIZATION_LEVEL = 0;
				GCC_PREPROCESSOR_DEFINITIONS = (
					"DEBUG=1",
					"$(inherited)",
				);
				GCC_WARN_64_TO_32_BIT_CONVERSION = YES;
				GCC_WARN_ABOUT_RETURN_TYPE = YES_ERROR;
				GCC_WARN_UNDECLARED_SELECTOR = YES;
				GCC_WARN_UNINITIALIZED_AUTOS = YES_AGGRESSIVE;
				GCC_WARN_UNUSED_FUNCTION = YES;
				GCC_WARN_UNUSED_VARIABLE = YES;
				IPHONEOS_DEPLOYMENT_TARGET = 11.3;
				MTL_ENABLE_DEBUG_INFO = YES;
				ONLY_ACTIVE_ARCH = YES;
				SDKROOT = iphoneos;
				SWIFT_ACTIVE_COMPILATION_CONDITIONS = DEBUG;
				SWIFT_OPTIMIZATION_LEVEL = "-Onone";
			};
			name = Debug;
		};
		5F1FB312209B882E0026AD3C /* Release */ = {
			isa = XCBuildConfiguration;
			buildSettings = {
				ALWAYS_SEARCH_USER_PATHS = NO;
				CLANG_ANALYZER_NONNULL = YES;
				CLANG_ANALYZER_NUMBER_OBJECT_CONVERSION = YES_AGGRESSIVE;
				CLANG_CXX_LANGUAGE_STANDARD = "gnu++14";
				CLANG_CXX_LIBRARY = "libc++";
				CLANG_ENABLE_MODULES = YES;
				CLANG_ENABLE_OBJC_ARC = YES;
				CLANG_ENABLE_OBJC_WEAK = YES;
				CLANG_WARN_BLOCK_CAPTURE_AUTORELEASING = YES;
				CLANG_WARN_BOOL_CONVERSION = YES;
				CLANG_WARN_COMMA = YES;
				CLANG_WARN_CONSTANT_CONVERSION = YES;
				CLANG_WARN_DEPRECATED_OBJC_IMPLEMENTATIONS = YES;
				CLANG_WARN_DIRECT_OBJC_ISA_USAGE = YES_ERROR;
				CLANG_WARN_DOCUMENTATION_COMMENTS = YES;
				CLANG_WARN_EMPTY_BODY = YES;
				CLANG_WARN_ENUM_CONVERSION = YES;
				CLANG_WARN_INFINITE_RECURSION = YES;
				CLANG_WARN_INT_CONVERSION = YES;
				CLANG_WARN_NON_LITERAL_NULL_CONVERSION = YES;
				CLANG_WARN_OBJC_IMPLICIT_RETAIN_SELF = YES;
				CLANG_WARN_OBJC_LITERAL_CONVERSION = YES;
				CLANG_WARN_OBJC_ROOT_CLASS = YES_ERROR;
				CLANG_WARN_RANGE_LOOP_ANALYSIS = YES;
				CLANG_WARN_STRICT_PROTOTYPES = YES;
				CLANG_WARN_SUSPICIOUS_MOVE = YES;
				CLANG_WARN_UNGUARDED_AVAILABILITY = YES_AGGRESSIVE;
				CLANG_WARN_UNREACHABLE_CODE = YES;
				CLANG_WARN__DUPLICATE_METHOD_MATCH = YES;
				CODE_SIGN_IDENTITY = "iPhone Developer";
				COPY_PHASE_STRIP = NO;
				DEBUG_INFORMATION_FORMAT = "dwarf-with-dsym";
				ENABLE_NS_ASSERTIONS = NO;
				ENABLE_STRICT_OBJC_MSGSEND = YES;
				GCC_C_LANGUAGE_STANDARD = gnu11;
				GCC_NO_COMMON_BLOCKS = YES;
				GCC_WARN_64_TO_32_BIT_CONVERSION = YES;
				GCC_WARN_ABOUT_RETURN_TYPE = YES_ERROR;
				GCC_WARN_UNDECLARED_SELECTOR = YES;
				GCC_WARN_UNINITIALIZED_AUTOS = YES_AGGRESSIVE;
				GCC_WARN_UNUSED_FUNCTION = YES;
				GCC_WARN_UNUSED_VARIABLE = YES;
				IPHONEOS_DEPLOYMENT_TARGET = 11.3;
				MTL_ENABLE_DEBUG_INFO = NO;
				SDKROOT = iphoneos;
				SWIFT_COMPILATION_MODE = wholemodule;
				SWIFT_OPTIMIZATION_LEVEL = "-O";
				VALIDATE_PRODUCT = YES;
			};
			name = Release;
		};
		5F1FB314209B882E0026AD3C /* Debug */ = {
			isa = XCBuildConfiguration;
			buildSettings = {
				ASSETCATALOG_COMPILER_APPICON_NAME = AppIcon;
				CODE_SIGN_STYLE = Automatic;
				INFOPLIST_FILE = CartShare/Info.plist;
				LD_RUNPATH_SEARCH_PATHS = (
					"$(inherited)",
					"@executable_path/Frameworks",
				);
				PRODUCT_BUNDLE_IDENTIFIER = edu.ilstu.sabhat.CartShare;
				PRODUCT_NAME = "$(TARGET_NAME)";
				SWIFT_VERSION = 4.0;
				TARGETED_DEVICE_FAMILY = "1,2";
			};
			name = Debug;
		};
		5F1FB315209B882E0026AD3C /* Release */ = {
			isa = XCBuildConfiguration;
			buildSettings = {
				ASSETCATALOG_COMPILER_APPICON_NAME = AppIcon;
				CODE_SIGN_STYLE = Automatic;
				INFOPLIST_FILE = CartShare/Info.plist;
				LD_RUNPATH_SEARCH_PATHS = (
					"$(inherited)",
					"@executable_path/Frameworks",
				);
				PRODUCT_BUNDLE_IDENTIFIER = edu.ilstu.sabhat.CartShare;
				PRODUCT_NAME = "$(TARGET_NAME)";
				SWIFT_VERSION = 4.0;
				TARGETED_DEVICE_FAMILY = "1,2";
			};
			name = Release;
		};
/* End XCBuildConfiguration section */

/* Begin XCConfigurationList section */
		5F1FB2FC209B881E0026AD3C /* Build configuration list for PBXProject "CartShare" */ = {
			isa = XCConfigurationList;
			buildConfigurations = (
				5F1FB311209B882E0026AD3C /* Debug */,
				5F1FB312209B882E0026AD3C /* Release */,
			);
			defaultConfigurationIsVisible = 0;
			defaultConfigurationName = Release;
		};
		5F1FB313209B882E0026AD3C /* Build configuration list for PBXNativeTarget "CartShare" */ = {
			isa = XCConfigurationList;
			buildConfigurations = (
				5F1FB314209B882E0026AD3C /* Debug */,
				5F1FB315209B882E0026AD3C /* Release */,
			);
			defaultConfigurationIsVisible = 0;
			defaultConfigurationName = Release;
		};
/* End XCConfigurationList section */
	};
	rootObject = 5F1FB2F9209B881E0026AD3C /* Project object */;
}
